// !$*UTF8*$!
{
	archiveVersion = 1;
	classes = {
	};
	objectVersion = 50;
	objects = {

/* Begin PBXBuildFile section */
		2B2268802557D7B1006D0B9F /* StoryListView.swift in Sources */ = {isa = PBXBuildFile; fileRef = 2B22687F2557D7B1006D0B9F /* StoryListView.swift */; };
		2B2268852557DF5B006D0B9F /* Story.swift in Sources */ = {isa = PBXBuildFile; fileRef = 2B2268842557DF5B006D0B9F /* Story.swift */; };
		2B2268892557E102006D0B9F /* StoryDetailViewModel.swift in Sources */ = {isa = PBXBuildFile; fileRef = 2B2268882557E102006D0B9F /* StoryDetailViewModel.swift */; };
		2B22688C2558198B006D0B9F /* StoryDetailView.swift in Sources */ = {isa = PBXBuildFile; fileRef = 2B22688B2558198B006D0B9F /* StoryDetailView.swift */; };
		2B22689025582E58006D0B9F /* WebView.swift in Sources */ = {isa = PBXBuildFile; fileRef = 2B22688F25582E58006D0B9F /* WebView.swift */; };
		2B2268942558559C006D0B9F /* WKWebView+Extensions.swift in Sources */ = {isa = PBXBuildFile; fileRef = 2B2268932558559C006D0B9F /* WKWebView+Extensions.swift */; };
		2B90C021254ECFD80008755A /* AppDelegate.swift in Sources */ = {isa = PBXBuildFile; fileRef = 2B90C020254ECFD80008755A /* AppDelegate.swift */; };
		2B90C023254ECFD80008755A /* SceneDelegate.swift in Sources */ = {isa = PBXBuildFile; fileRef = 2B90C022254ECFD80008755A /* SceneDelegate.swift */; };
		2B90C027254ECFDB0008755A /* Assets.xcassets in Resources */ = {isa = PBXBuildFile; fileRef = 2B90C026254ECFDB0008755A /* Assets.xcassets */; };
		2B90C02A254ECFDB0008755A /* Preview Assets.xcassets in Resources */ = {isa = PBXBuildFile; fileRef = 2B90C029254ECFDB0008755A /* Preview Assets.xcassets */; };
		2B90C02D254ECFDB0008755A /* LaunchScreen.storyboard in Resources */ = {isa = PBXBuildFile; fileRef = 2B90C02B254ECFDB0008755A /* LaunchScreen.storyboard */; };
		2B90C037254ED0610008755A /* Webservice.swift in Sources */ = {isa = PBXBuildFile; fileRef = 2B90C036254ED0610008755A /* Webservice.swift */; };
		2B90C03C254ED4BF0008755A /* StoryListViewModel.swift in Sources */ = {isa = PBXBuildFile; fileRef = 2B90C03B254ED4BF0008755A /* StoryListViewModel.swift */; };
/* End PBXBuildFile section */

/* Begin PBXFileReference section */
		2B22687F2557D7B1006D0B9F /* StoryListView.swift */ = {isa = PBXFileReference; lastKnownFileType = sourcecode.swift; path = StoryListView.swift; sourceTree = "<group>"; };
		2B2268842557DF5B006D0B9F /* Story.swift */ = {isa = PBXFileReference; lastKnownFileType = sourcecode.swift; path = Story.swift; sourceTree = "<group>"; };
		2B2268882557E102006D0B9F /* StoryDetailViewModel.swift */ = {isa = PBXFileReference; lastKnownFileType = sourcecode.swift; path = StoryDetailViewModel.swift; sourceTree = "<group>"; };
		2B22688B2558198B006D0B9F /* StoryDetailView.swift */ = {isa = PBXFileReference; lastKnownFileType = sourcecode.swift; path = StoryDetailView.swift; sourceTree = "<group>"; };
		2B22688F25582E58006D0B9F /* WebView.swift */ = {isa = PBXFileReference; lastKnownFileType = sourcecode.swift; path = WebView.swift; sourceTree = "<group>"; };
		2B2268932558559C006D0B9F /* WKWebView+Extensions.swift */ = {isa = PBXFileReference; lastKnownFileType = sourcecode.swift; path = "WKWebView+Extensions.swift"; sourceTree = "<group>"; };
		2B90C01D254ECFD80008755A /* HackerNews.app */ = {isa = PBXFileReference; explicitFileType = wrapper.application; includeInIndex = 0; path = HackerNews.app; sourceTree = BUILT_PRODUCTS_DIR; };
		2B90C020254ECFD80008755A /* AppDelegate.swift */ = {isa = PBXFileReference; lastKnownFileType = sourcecode.swift; path = AppDelegate.swift; sourceTree = "<group>"; };
		2B90C022254ECFD80008755A /* SceneDelegate.swift */ = {isa = PBXFileReference; lastKnownFileType = sourcecode.swift; path = SceneDelegate.swift; sourceTree = "<group>"; };
		2B90C026254ECFDB0008755A /* Assets.xcassets */ = {isa = PBXFileReference; lastKnownFileType = folder.assetcatalog; path = Assets.xcassets; sourceTree = "<group>"; };
		2B90C029254ECFDB0008755A /* Preview Assets.xcassets */ = {isa = PBXFileReference; lastKnownFileType = folder.assetcatalog; path = "Preview Assets.xcassets"; sourceTree = "<group>"; };
		2B90C02C254ECFDB0008755A /* Base */ = {isa = PBXFileReference; lastKnownFileType = file.storyboard; name = Base; path = Base.lproj/LaunchScreen.storyboard; sourceTree = "<group>"; };
		2B90C02E254ECFDB0008755A /* Info.plist */ = {isa = PBXFileReference; lastKnownFileType = text.plist.xml; path = Info.plist; sourceTree = "<group>"; };
		2B90C036254ED0610008755A /* Webservice.swift */ = {isa = PBXFileReference; lastKnownFileType = sourcecode.swift; path = Webservice.swift; sourceTree = "<group>"; };
		2B90C03B254ED4BF0008755A /* StoryListViewModel.swift */ = {isa = PBXFileReference; lastKnownFileType = sourcecode.swift; path = StoryListViewModel.swift; sourceTree = "<group>"; };
/* End PBXFileReference section */

/* Begin PBXFrameworksBuildPhase section */
		2B90C01A254ECFD80008755A /* Frameworks */ = {
			isa = PBXFrameworksBuildPhase;
			buildActionMask = 2147483647;
			files = (
			);
			runOnlyForDeploymentPostprocessing = 0;
		};
/* End PBXFrameworksBuildPhase section */

/* Begin PBXGroup section */
		2B22687E2557D785006D0B9F /* Views */ = {
			isa = PBXGroup;
			children = (
				2B22687F2557D7B1006D0B9F /* StoryListView.swift */,
				2B22688B2558198B006D0B9F /* StoryDetailView.swift */,
				2B22688F25582E58006D0B9F /* WebView.swift */,
			);
			path = Views;
			sourceTree = "<group>";
		};
		2B2268832557DF4D006D0B9F /* Models */ = {
			isa = PBXGroup;
			children = (
				2B2268842557DF5B006D0B9F /* Story.swift */,
			);
			path = Models;
			sourceTree = "<group>";
		};
		2B22689225585572006D0B9F /* Extensions */ = {
			isa = PBXGroup;
			children = (
				2B2268932558559C006D0B9F /* WKWebView+Extensions.swift */,
			);
			path = Extensions;
			sourceTree = "<group>";
		};
		2B90C014254ECFD80008755A = {
			isa = PBXGroup;
			children = (
				2B90C01F254ECFD80008755A /* HackerNews */,
				2B90C01E254ECFD80008755A /* Products */,
			);
			sourceTree = "<group>";
		};
		2B90C01E254ECFD80008755A /* Products */ = {
			isa = PBXGroup;
			children = (
				2B90C01D254ECFD80008755A /* HackerNews.app */,
			);
			name = Products;
			sourceTree = "<group>";
		};
		2B90C01F254ECFD80008755A /* HackerNews */ = {
			isa = PBXGroup;
			children = (
				2B22689225585572006D0B9F /* Extensions */,
				2B2268832557DF4D006D0B9F /* Models */,
				2B22687E2557D785006D0B9F /* Views */,
				2B90C039254ED4830008755A /* View Models */,
				2B90C035254ED0510008755A /* Services */,
				2B90C020254ECFD80008755A /* AppDelegate.swift */,
				2B90C022254ECFD80008755A /* SceneDelegate.swift */,
				2B90C026254ECFDB0008755A /* Assets.xcassets */,
				2B90C02B254ECFDB0008755A /* LaunchScreen.storyboard */,
				2B90C02E254ECFDB0008755A /* Info.plist */,
				2B90C028254ECFDB0008755A /* Preview Content */,
			);
			path = HackerNews;
			sourceTree = "<group>";
		};
		2B90C028254ECFDB0008755A /* Preview Content */ = {
			isa = PBXGroup;
			children = (
				2B90C029254ECFDB0008755A /* Preview Assets.xcassets */,
			);
			path = "Preview Content";
			sourceTree = "<group>";
		};
		2B90C035254ED0510008755A /* Services */ = {
			isa = PBXGroup;
			children = (
				2B90C036254ED0610008755A /* Webservice.swift */,
			);
			path = Services;
			sourceTree = "<group>";
		};
		2B90C039254ED4830008755A /* View Models */ = {
			isa = PBXGroup;
			children = (
				2B90C03B254ED4BF0008755A /* StoryListViewModel.swift */,
				2B2268882557E102006D0B9F /* StoryDetailViewModel.swift */,
			);
			path = "View Models";
			sourceTree = "<group>";
		};
/* End PBXGroup section */

/* Begin PBXNativeTarget section */
		2B90C01C254ECFD80008755A /* HackerNews */ = {
			isa = PBXNativeTarget;
			buildConfigurationList = 2B90C031254ECFDB0008755A /* Build configuration list for PBXNativeTarget "HackerNews" */;
			buildPhases = (
				2B90C019254ECFD80008755A /* Sources */,
				2B90C01A254ECFD80008755A /* Frameworks */,
				2B90C01B254ECFD80008755A /* Resources */,
			);
			buildRules = (
			);
			dependencies = (
			);
			name = HackerNews;
			productName = HackerNews;
			productReference = 2B90C01D254ECFD80008755A /* HackerNews.app */;
			productType = "com.apple.product-type.application";
		};
/* End PBXNativeTarget section */

/* Begin PBXProject section */
		2B90C015254ECFD80008755A /* Project object */ = {
			isa = PBXProject;
			attributes = {
				LastSwiftUpdateCheck = 1210;
				LastUpgradeCheck = 1210;
				TargetAttributes = {
					2B90C01C254ECFD80008755A = {
						CreatedOnToolsVersion = 12.1;
					};
				};
			};
			buildConfigurationList = 2B90C018254ECFD80008755A /* Build configuration list for PBXProject "HackerNews" */;
			compatibilityVersion = "Xcode 9.3";
			developmentRegion = en;
			hasScannedForEncodings = 0;
			knownRegions = (
				en,
				Base,
			);
			mainGroup = 2B90C014254ECFD80008755A;
			productRefGroup = 2B90C01E254ECFD80008755A /* Products */;
			projectDirPath = "";
			projectRoot = "";
			targets = (
				2B90C01C254ECFD80008755A /* HackerNews */,
			);
		};
/* End PBXProject section */

/* Begin PBXResourcesBuildPhase section */
		2B90C01B254ECFD80008755A /* Resources */ = {
			isa = PBXResourcesBuildPhase;
			buildActionMask = 2147483647;
			files = (
				2B90C02D254ECFDB0008755A /* LaunchScreen.storyboard in Resources */,
				2B90C02A254ECFDB0008755A /* Preview Assets.xcassets in Resources */,
				2B90C027254ECFDB0008755A /* Assets.xcassets in Resources */,
			);
			runOnlyForDeploymentPostprocessing = 0;
		};
/* End PBXResourcesBuildPhase section */

/* Begin PBXSourcesBuildPhase section */
		2B90C019254ECFD80008755A /* Sources */ = {
			isa = PBXSourcesBuildPhase;
			buildActionMask = 2147483647;
			files = (
				2B90C021254ECFD80008755A /* AppDelegate.swift in Sources */,
				2B2268942558559C006D0B9F /* WKWebView+Extensions.swift in Sources */,
				2B90C023254ECFD80008755A /* SceneDelegate.swift in Sources */,
				2B2268802557D7B1006D0B9F /* StoryListView.swift in Sources */,
				2B2268892557E102006D0B9F /* StoryDetailViewModel.swift in Sources */,
				2B90C03C254ED4BF0008755A /* StoryListViewModel.swift in Sources */,
				2B90C037254ED0610008755A /* Webservice.swift in Sources */,
				2B22689025582E58006D0B9F /* WebView.swift in Sources */,
				2B2268852557DF5B006D0B9F /* Story.swift in Sources */,
				2B22688C2558198B006D0B9F /* StoryDetailView.swift in Sources */,
			);
			runOnlyForDeploymentPostprocessing = 0;
		};
/* End PBXSourcesBuildPhase section */

/* Begin PBXVariantGroup section */
		2B90C02B254ECFDB0008755A /* LaunchScreen.storyboard */ = {
			isa = PBXVariantGroup;
			children = (
				2B90C02C254ECFDB0008755A /* Base */,
			);
			name = LaunchScreen.storyboard;
			sourceTree = "<group>";
		};
/* End PBXVariantGroup section */

/* Begin XCBuildConfiguration section */
		2B90C02F254ECFDB0008755A /* Debug */ = {
			isa = XCBuildConfiguration;
			buildSettings = {
				ALWAYS_SEARCH_USER_PATHS = NO;
				CLANG_ANALYZER_NONNULL = YES;
				CLANG_ANALYZER_NUMBER_OBJECT_CONVERSION = YES_AGGRESSIVE;
				CLANG_CXX_LANGUAGE_STANDARD = "gnu++14";
				CLANG_CXX_LIBRARY = "libc++";
				CLANG_ENABLE_MODULES = YES;
				CLANG_ENABLE_OBJC_ARC = YES;
				CLANG_ENABLE_OBJC_WEAK = YES;
				CLANG_WARN_BLOCK_CAPTURE_AUTORELEASING = YES;
				CLANG_WARN_BOOL_CONVERSION = YES;
				CLANG_WARN_COMMA = YES;
				CLANG_WARN_CONSTANT_CONVERSION = YES;
				CLANG_WARN_DEPRECATED_OBJC_IMPLEMENTATIONS = YES;
				CLANG_WARN_DIRECT_OBJC_ISA_USAGE = YES_ERROR;
				CLANG_WARN_DOCUMENTATION_COMMENTS = YES;
				CLANG_WARN_EMPTY_BODY = YES;
				CLANG_WARN_ENUM_CONVERSION = YES;
				CLANG_WARN_INFINITE_RECURSION = YES;
				CLANG_WARN_INT_CONVERSION = YES;
				CLANG_WARN_NON_LITERAL_NULL_CONVERSION = YES;
				CLANG_WARN_OBJC_IMPLICIT_RETAIN_SELF = YES;
				CLANG_WARN_OBJC_LITERAL_CONVERSION = YES;
				CLANG_WARN_OBJC_ROOT_CLASS = YES_ERROR;
				CLANG_WARN_QUOTED_INCLUDE_IN_FRAMEWORK_HEADER = YES;
				CLANG_WARN_RANGE_LOOP_ANALYSIS = YES;
				CLANG_WARN_STRICT_PROTOTYPES = YES;
				CLANG_WARN_SUSPICIOUS_MOVE = YES;
				CLANG_WARN_UNGUARDED_AVAILABILITY = YES_AGGRESSIVE;
				CLANG_WARN_UNREACHABLE_CODE = YES;
				CLANG_WARN__DUPLICATE_METHOD_MATCH = YES;
				COPY_PHASE_STRIP = NO;
				DEBUG_INFORMATION_FORMAT = dwarf;
				ENABLE_STRICT_OBJC_MSGSEND = YES;
				ENABLE_TESTABILITY = YES;
				GCC_C_LANGUAGE_STANDARD = gnu11;
				GCC_DYNAMIC_NO_PIC = NO;
				GCC_NO_COMMON_BLOCKS = YES;
				GCC_OPTIMIZATION_LEVEL = 0;
				GCC_PREPROCESSOR_DEFINITIONS = (
					"DEBUG=1",
					"$(inherited)",
				);
				GCC_WARN_64_TO_32_BIT_CONVERSION = YES;
				GCC_WARN_ABOUT_RETURN_TYPE = YES_ERROR;
				GCC_WARN_UNDECLARED_SELECTOR = YES;
				GCC_WARN_UNINITIALIZED_AUTOS = YES_AGGRESSIVE;
				GCC_WARN_UNUSED_FUNCTION = YES;
				GCC_WARN_UNUSED_VARIABLE = YES;
				IPHONEOS_DEPLOYMENT_TARGET = 14.1;
				MTL_ENABLE_DEBUG_INFO = INCLUDE_SOURCE;
				MTL_FAST_MATH = YES;
				ONLY_ACTIVE_ARCH = YES;
				SDKROOT = iphoneos;
				SWIFT_ACTIVE_COMPILATION_CONDITIONS = DEBUG;
				SWIFT_OPTIMIZATION_LEVEL = "-Onone";
			};
			name = Debug;
		};
		2B90C030254ECFDB0008755A /* Release */ = {
			isa = XCBuildConfiguration;
			buildSettings = {
				ALWAYS_SEARCH_USER_PATHS = NO;
				CLANG_ANALYZER_NONNULL = YES;
				CLANG_ANALYZER_NUMBER_OBJECT_CONVERSION = YES_AGGRESSIVE;
				CLANG_CXX_LANGUAGE_STANDARD = "gnu++14";
				CLANG_CXX_LIBRARY = "libc++";
				CLANG_ENABLE_MODULES = YES;
				CLANG_ENABLE_OBJC_ARC = YES;
				CLANG_ENABLE_OBJC_WEAK = YES;
				CLANG_WARN_BLOCK_CAPTURE_AUTORELEASING = YES;
				CLANG_WARN_BOOL_CONVERSION = YES;
				CLANG_WARN_COMMA = YES;
				CLANG_WARN_CONSTANT_CONVERSION = YES;
				CLANG_WARN_DEPRECATED_OBJC_IMPLEMENTATIONS = YES;
				CLANG_WARN_DIRECT_OBJC_ISA_USAGE = YES_ERROR;
				CLANG_WARN_DOCUMENTATION_COMMENTS = YES;
				CLANG_WARN_EMPTY_BODY = YES;
				CLANG_WARN_ENUM_CONVERSION = YES;
				CLANG_WARN_INFINITE_RECURSION = YES;
				CLANG_WARN_INT_CONVERSION = YES;
				CLANG_WARN_NON_LITERAL_NULL_CONVERSION = YES;
				CLANG_WARN_OBJC_IMPLICIT_RETAIN_SELF = YES;
				CLANG_WARN_OBJC_LITERAL_CONVERSION = YES;
				CLANG_WARN_OBJC_ROOT_CLASS = YES_ERROR;
				CLANG_WARN_QUOTED_INCLUDE_IN_FRAMEWORK_HEADER = YES;
				CLANG_WARN_RANGE_LOOP_ANALYSIS = YES;
				CLANG_WARN_STRICT_PROTOTYPES = YES;
				CLANG_WARN_SUSPICIOUS_MOVE = YES;
				CLANG_WARN_UNGUARDED_AVAILABILITY = YES_AGGRESSIVE;
				CLANG_WARN_UNREACHABLE_CODE = YES;
				CLANG_WARN__DUPLICATE_METHOD_MATCH = YES;
				COPY_PHASE_STRIP = NO;
				DEBUG_INFORMATION_FORMAT = "dwarf-with-dsym";
				ENABLE_NS_ASSERTIONS = NO;
				ENABLE_STRICT_OBJC_MSGSEND = YES;
				GCC_C_LANGUAGE_STANDARD = gnu11;
				GCC_NO_COMMON_BLOCKS = YES;
				GCC_WARN_64_TO_32_BIT_CONVERSION = YES;
				GCC_WARN_ABOUT_RETURN_TYPE = YES_ERROR;
				GCC_WARN_UNDECLARED_SELECTOR = YES;
				GCC_WARN_UNINITIALIZED_AUTOS = YES_AGGRESSIVE;
				GCC_WARN_UNUSED_FUNCTION = YES;
				GCC_WARN_UNUSED_VARIABLE = YES;
				IPHONEOS_DEPLOYMENT_TARGET = 14.1;
				MTL_ENABLE_DEBUG_INFO = NO;
				MTL_FAST_MATH = YES;
				SDKROOT = iphoneos;
				SWIFT_COMPILATION_MODE = wholemodule;
				SWIFT_OPTIMIZATION_LEVEL = "-O";
				VALIDATE_PRODUCT = YES;
			};
			name = Release;
		};
		2B90C032254ECFDB0008755A /* Debug */ = {
			isa = XCBuildConfiguration;
			buildSettings = {
				ASSETCATALOG_COMPILER_APPICON_NAME = AppIcon;
				ASSETCATALOG_COMPILER_GLOBAL_ACCENT_COLOR_NAME = AccentColor;
				CODE_SIGN_STYLE = Automatic;
				DEVELOPMENT_ASSET_PATHS = "\"HackerNews/Preview Content\"";
				DEVELOPMENT_TEAM = KUZFMUE789;
				ENABLE_PREVIEWS = YES;
				INFOPLIST_FILE = HackerNews/Info.plist;
				LD_RUNPATH_SEARCH_PATHS = (
					"$(inherited)",
					"@executable_path/Frameworks",
				);
				PRODUCT_BUNDLE_IDENTIFIER = com.kunaltyagi.HackerNews;
				PRODUCT_NAME = "$(TARGET_NAME)";
				SWIFT_VERSION = 5.0;
				TARGETED_DEVICE_FAMILY = "1,2";
			};
			name = Debug;
		};
		2B90C033254ECFDB0008755A /* Release */ = {
			isa = XCBuildConfiguration;
			buildSettings = {
				ASSETCATALOG_COMPILER_APPICON_NAME = AppIcon;
				ASSETCATALOG_COMPILER_GLOBAL_ACCENT_COLOR_NAME = AccentColor;
				CODE_SIGN_STYLE = Automatic;
				DEVELOPMENT_ASSET_PATHS = "\"HackerNews/Preview Content\"";
				DEVELOPMENT_TEAM = KUZFMUE789;
				ENABLE_PREVIEWS = YES;
				INFOPLIST_FILE = HackerNews/Info.plist;
				LD_RUNPATH_SEARCH_PATHS = (
					"$(inherited)",
					"@executable_path/Frameworks",
				);
				PRODUCT_BUNDLE_IDENTIFIER = com.kunaltyagi.HackerNews;
				PRODUCT_NAME = "$(TARGET_NAME)";
				SWIFT_VERSION = 5.0;
				TARGETED_DEVICE_FAMILY = "1,2";
			};
			name = Release;
		};
/* End XCBuildConfiguration section */

/* Begin XCConfigurationList section */
		2B90C018254ECFD80008755A /* Build configuration list for PBXProject "HackerNews" */ = {
			isa = XCConfigurationList;
			buildConfigurations = (
				2B90C02F254ECFDB0008755A /* Debug */,
				2B90C030254ECFDB0008755A /* Release */,
			);
			defaultConfigurationIsVisible = 0;
			defaultConfigurationName = Release;
		};
		2B90C031254ECFDB0008755A /* Build configuration list for PBXNativeTarget "HackerNews" */ = {
			isa = XCConfigurationList;
			buildConfigurations = (
				2B90C032254ECFDB0008755A /* Debug */,
				2B90C033254ECFDB0008755A /* Release */,
			);
			defaultConfigurationIsVisible = 0;
			defaultConfigurationName = Release;
		};
/* End XCConfigurationList section */
	};
	rootObject = 2B90C015254ECFD80008755A /* Project object */;
}
